
Microsoft Visual Studio Solution File, Format Version 12.00
# Visual Studio Version 17
VisualStudioVersion = 17.12.35527.113
MinimumVisualStudioVersion = 10.0.40219.1
Project("{FAE04EC0-301F-11D3-BF4B-00C04F79EFBC}") = "Çalışma sorusu 1", "Çalışma soruları\Çalışma sorusu 1.csproj", "{D0CFBC7C-E3D3-4B3B-B51A-85178710680A}"
EndProject
Project("{FAE04EC0-301F-11D3-BF4B-00C04F79EFBC}") = "Çalışma sorusu 2_case", "Çalışma sorusu 2\Çalışma sorusu 2_case.csproj", "{F08996C0-1808-4BD0-8B60-6BF27DB1F013}"
EndProject
Project("{FAE04EC0-301F-11D3-BF4B-00C04F79EFBC}") = "Çalışma sorusu 2_if", "Çalışma sorusu 2_if\Çalışma sorusu 2_if.csproj", "{1654C133-E010-4EB8-9A14-883178FB9066}"
EndProject
Project("{FAE04EC0-301F-11D3-BF4B-00C04F79EFBC}") = "Çalışma sorusu 3", "Çalışma sorusu 3\Çalışma sorusu 3.csproj", "{3E80F824-3D97-4A54-8EB8-B11C27A6308A}"
EndProject
Project("{FAE04EC0-301F-11D3-BF4B-00C04F79EFBC}") = "Çalışma sorusu 4", "Çalışma sorusu 4\Çalışma sorusu 4.csproj", "{E46A3D11-98DA-4582-9482-3CA2DCC87A33}"
EndProject
Project("{FAE04EC0-301F-11D3-BF4B-00C04F79EFBC}") = "Çalışma sorusu 5", "Çalışma sorusu 5\Çalışma sorusu 5.csproj", "{B1137955-0134-4DD1-B4EA-EFCA3E46F9E7}"
EndProject
Project("{FAE04EC0-301F-11D3-BF4B-00C04F79EFBC}") = "Çalışma sorusu 6", "Çalışma sorusu 6\Çalışma sorusu 6.csproj", "{E512A8BB-7B49-46FB-B96D-41306F443ECA}"
EndProject
Project("{FAE04EC0-301F-11D3-BF4B-00C04F79EFBC}") = "Çalışma sorusu 7", "Çalışma sorusu 7\Çalışma sorusu 7.csproj", "{66BDE3BD-5BAF-4F7E-B858-9E7F591A147C}"
EndProject
Project("{FAE04EC0-301F-11D3-BF4B-00C04F79EFBC}") = "Çalışma sorusu 8", "Çalışma sorusu 8\Çalışma sorusu 8.csproj", "{0508E420-B92C-45C2-ADA1-0741E96DE928}"
EndProject
Project("{FAE04EC0-301F-11D3-BF4B-00C04F79EFBC}") = "Çalışma sorusu 9", "Çalışma sorusu 9\Çalışma sorusu 9.csproj", "{81D4BA2E-433C-4838-9DFD-11C9CE52010A}"
EndProject
Project("{FAE04EC0-301F-11D3-BF4B-00C04F79EFBC}") = "Çalışma sorusu 10", "Çalışma sorusu 10\Çalışma sorusu 10.csproj", "{01CD1E37-63D9-4494-AB83-7C799339D1E7}"
EndProject
Project("{FAE04EC0-301F-11D3-BF4B-00C04F79EFBC}") = "Çalışma Sorusu 11", "Çalışma Sorusu 11\Çalışma Sorusu 11.csproj", "{2C77E1A5-C920-4327-ADE0-2CD707432885}"
EndProject
Project("{FAE04EC0-301F-11D3-BF4B-00C04F79EFBC}") = "Çalışma sorusu 12", "Çalışma sorusu 12\Çalışma sorusu 12.csproj", "{DA442C76-B664-4B43-8D32-721DCE415076}"
EndProject
Project("{FAE04EC0-301F-11D3-BF4B-00C04F79EFBC}") = "Çalışma sorusu 13", "Çalışma sorusu 13\Çalışma sorusu 13.csproj", "{7D672E87-3EBB-4254-A0D8-00C6FF0C0248}"
EndProject
Project("{FAE04EC0-301F-11D3-BF4B-00C04F79EFBC}") = "Çalışma sorusu 14", "Çalışma sorusu 14\Çalışma sorusu 14.csproj", "{1F364272-FFBF-47AA-9628-5622F384720E}"
EndProject
Project("{FAE04EC0-301F-11D3-BF4B-00C04F79EFBC}") = "Çalışma sorusu 15", "Çalışma sorusu 15\Çalışma sorusu 15.csproj", "{86D0F690-422B-4B51-9064-3F0C5000568F}"
EndProject
Global
	GlobalSection(SolutionConfigurationPlatforms) = preSolution
		Debug|Any CPU = Debug|Any CPU
		Release|Any CPU = Release|Any CPU
	EndGlobalSection
	GlobalSection(ProjectConfigurationPlatforms) = postSolution
		{D0CFBC7C-E3D3-4B3B-B51A-85178710680A}.Debug|Any CPU.ActiveCfg = Debug|Any CPU
		{D0CFBC7C-E3D3-4B3B-B51A-85178710680A}.Debug|Any CPU.Build.0 = Debug|Any CPU
		{D0CFBC7C-E3D3-4B3B-B51A-85178710680A}.Release|Any CPU.ActiveCfg = Release|Any CPU
		{D0CFBC7C-E3D3-4B3B-B51A-85178710680A}.Release|Any CPU.Build.0 = Release|Any CPU
		{F08996C0-1808-4BD0-8B60-6BF27DB1F013}.Debug|Any CPU.ActiveCfg = Debug|Any CPU
		{F08996C0-1808-4BD0-8B60-6BF27DB1F013}.Debug|Any CPU.Build.0 = Debug|Any CPU
		{F08996C0-1808-4BD0-8B60-6BF27DB1F013}.Release|Any CPU.ActiveCfg = Release|Any CPU
		{F08996C0-1808-4BD0-8B60-6BF27DB1F013}.Release|Any CPU.Build.0 = Release|Any CPU
		{1654C133-E010-4EB8-9A14-883178FB9066}.Debug|Any CPU.ActiveCfg = Debug|Any CPU
		{1654C133-E010-4EB8-9A14-883178FB9066}.Debug|Any CPU.Build.0 = Debug|Any CPU
		{1654C133-E010-4EB8-9A14-883178FB9066}.Release|Any CPU.ActiveCfg = Release|Any CPU
		{1654C133-E010-4EB8-9A14-883178FB9066}.Release|Any CPU.Build.0 = Release|Any CPU
		{3E80F824-3D97-4A54-8EB8-B11C27A6308A}.Debug|Any CPU.ActiveCfg = Debug|Any CPU
		{3E80F824-3D97-4A54-8EB8-B11C27A6308A}.Debug|Any CPU.Build.0 = Debug|Any CPU
		{3E80F824-3D97-4A54-8EB8-B11C27A6308A}.Release|Any CPU.ActiveCfg = Release|Any CPU
		{3E80F824-3D97-4A54-8EB8-B11C27A6308A}.Release|Any CPU.Build.0 = Release|Any CPU
		{E46A3D11-98DA-4582-9482-3CA2DCC87A33}.Debug|Any CPU.ActiveCfg = Debug|Any CPU
		{E46A3D11-98DA-4582-9482-3CA2DCC87A33}.Debug|Any CPU.Build.0 = Debug|Any CPU
		{E46A3D11-98DA-4582-9482-3CA2DCC87A33}.Release|Any CPU.ActiveCfg = Release|Any CPU
		{E46A3D11-98DA-4582-9482-3CA2DCC87A33}.Release|Any CPU.Build.0 = Release|Any CPU
		{B1137955-0134-4DD1-B4EA-EFCA3E46F9E7}.Debug|Any CPU.ActiveCfg = Debug|Any CPU
		{B1137955-0134-4DD1-B4EA-EFCA3E46F9E7}.Debug|Any CPU.Build.0 = Debug|Any CPU
		{B1137955-0134-4DD1-B4EA-EFCA3E46F9E7}.Release|Any CPU.ActiveCfg = Release|Any CPU
		{B1137955-0134-4DD1-B4EA-EFCA3E46F9E7}.Release|Any CPU.Build.0 = Release|Any CPU
		{E512A8BB-7B49-46FB-B96D-41306F443ECA}.Debug|Any CPU.ActiveCfg = Debug|Any CPU
		{E512A8BB-7B49-46FB-B96D-41306F443ECA}.Debug|Any CPU.Build.0 = Debug|Any CPU
		{E512A8BB-7B49-46FB-B96D-41306F443ECA}.Release|Any CPU.ActiveCfg = Release|Any CPU
		{E512A8BB-7B49-46FB-B96D-41306F443ECA}.Release|Any CPU.Build.0 = Release|Any CPU
		{66BDE3BD-5BAF-4F7E-B858-9E7F591A147C}.Debug|Any CPU.ActiveCfg = Debug|Any CPU
		{66BDE3BD-5BAF-4F7E-B858-9E7F591A147C}.Debug|Any CPU.Build.0 = Debug|Any CPU
		{66BDE3BD-5BAF-4F7E-B858-9E7F591A147C}.Release|Any CPU.ActiveCfg = Release|Any CPU
		{66BDE3BD-5BAF-4F7E-B858-9E7F591A147C}.Release|Any CPU.Build.0 = Release|Any CPU
		{0508E420-B92C-45C2-ADA1-0741E96DE928}.Debug|Any CPU.ActiveCfg = Debug|Any CPU
		{0508E420-B92C-45C2-ADA1-0741E96DE928}.Debug|Any CPU.Build.0 = Debug|Any CPU
		{0508E420-B92C-45C2-ADA1-0741E96DE928}.Release|Any CPU.ActiveCfg = Release|Any CPU
		{0508E420-B92C-45C2-ADA1-0741E96DE928}.Release|Any CPU.Build.0 = Release|Any CPU
		{81D4BA2E-433C-4838-9DFD-11C9CE52010A}.Debug|Any CPU.ActiveCfg = Debug|Any CPU
		{81D4BA2E-433C-4838-9DFD-11C9CE52010A}.Debug|Any CPU.Build.0 = Debug|Any CPU
		{81D4BA2E-433C-4838-9DFD-11C9CE52010A}.Release|Any CPU.ActiveCfg = Release|Any CPU
		{81D4BA2E-433C-4838-9DFD-11C9CE52010A}.Release|Any CPU.Build.0 = Release|Any CPU
		{01CD1E37-63D9-4494-AB83-7C799339D1E7}.Debug|Any CPU.ActiveCfg = Debug|Any CPU
		{01CD1E37-63D9-4494-AB83-7C799339D1E7}.Debug|Any CPU.Build.0 = Debug|Any CPU
		{01CD1E37-63D9-4494-AB83-7C799339D1E7}.Release|Any CPU.ActiveCfg = Release|Any CPU
		{01CD1E37-63D9-4494-AB83-7C799339D1E7}.Release|Any CPU.Build.0 = Release|Any CPU
		{2C77E1A5-C920-4327-ADE0-2CD707432885}.Debug|Any CPU.ActiveCfg = Debug|Any CPU
		{2C77E1A5-C920-4327-ADE0-2CD707432885}.Debug|Any CPU.Build.0 = Debug|Any CPU
		{2C77E1A5-C920-4327-ADE0-2CD707432885}.Release|Any CPU.ActiveCfg = Release|Any CPU
		{2C77E1A5-C920-4327-ADE0-2CD707432885}.Release|Any CPU.Build.0 = Release|Any CPU
		{DA442C76-B664-4B43-8D32-721DCE415076}.Debug|Any CPU.ActiveCfg = Debug|Any CPU
		{DA442C76-B664-4B43-8D32-721DCE415076}.Debug|Any CPU.Build.0 = Debug|Any CPU
		{DA442C76-B664-4B43-8D32-721DCE415076}.Release|Any CPU.ActiveCfg = Release|Any CPU
		{DA442C76-B664-4B43-8D32-721DCE415076}.Release|Any CPU.Build.0 = Release|Any CPU
		{7D672E87-3EBB-4254-A0D8-00C6FF0C0248}.Debug|Any CPU.ActiveCfg = Debug|Any CPU
		{7D672E87-3EBB-4254-A0D8-00C6FF0C0248}.Debug|Any CPU.Build.0 = Debug|Any CPU
		{7D672E87-3EBB-4254-A0D8-00C6FF0C0248}.Release|Any CPU.ActiveCfg = Release|Any CPU
		{7D672E87-3EBB-4254-A0D8-00C6FF0C0248}.Release|Any CPU.Build.0 = Release|Any CPU
		{1F364272-FFBF-47AA-9628-5622F384720E}.Debug|Any CPU.ActiveCfg = Debug|Any CPU
		{1F364272-FFBF-47AA-9628-5622F384720E}.Debug|Any CPU.Build.0 = Debug|Any CPU
		{1F364272-FFBF-47AA-9628-5622F384720E}.Release|Any CPU.ActiveCfg = Release|Any CPU
		{1F364272-FFBF-47AA-9628-5622F384720E}.Release|Any CPU.Build.0 = Release|Any CPU
		{86D0F690-422B-4B51-9064-3F0C5000568F}.Debug|Any CPU.ActiveCfg = Debug|Any CPU
		{86D0F690-422B-4B51-9064-3F0C5000568F}.Debug|Any CPU.Build.0 = Debug|Any CPU
		{86D0F690-422B-4B51-9064-3F0C5000568F}.Release|Any CPU.ActiveCfg = Release|Any CPU
		{86D0F690-422B-4B51-9064-3F0C5000568F}.Release|Any CPU.Build.0 = Release|Any CPU
	EndGlobalSection
	GlobalSection(SolutionProperties) = preSolution
		HideSolutionNode = FALSE
	EndGlobalSection
EndGlobal
