
Microsoft Visual Studio Solution File, Format Version 12.00
# Visual Studio Version 17
VisualStudioVersion = 17.14.36109.1 d17.14
MinimumVisualStudioVersion = 10.0.40219.1
Project("{FAE04EC0-301F-11D3-BF4B-00C04F79EFBC}") = "razor", "razor\razor.csproj", "{0CEAF89A-C237-4E8B-972F-5E6D45D97CC8}"
EndProject
Project("{FAE04EC0-301F-11D3-BF4B-00C04F79EFBC}") = "layout", "layout\layout.csproj", "{7668867A-67F4-4661-8734-9FE74C9FC2C5}"
EndProject
Global
	GlobalSection(SolutionConfigurationPlatforms) = preSolution
		Debug|Any CPU = Debug|Any CPU
		Release|Any CPU = Release|Any CPU
	EndGlobalSection
	GlobalSection(ProjectConfigurationPlatforms) = postSolution
		{0CEAF89A-C237-4E8B-972F-5E6D45D97CC8}.Debug|Any CPU.ActiveCfg = Debug|Any CPU
		{0CEAF89A-C237-4E8B-972F-5E6D45D97CC8}.Debug|Any CPU.Build.0 = Debug|Any CPU
		{0CEAF89A-C237-4E8B-972F-5E6D45D97CC8}.Release|Any CPU.ActiveCfg = Release|Any CPU
		{0CEAF89A-C237-4E8B-972F-5E6D45D97CC8}.Release|Any CPU.Build.0 = Release|Any CPU
		{7668867A-67F4-4661-8734-9FE74C9FC2C5}.Debug|Any CPU.ActiveCfg = Debug|Any CPU
		{7668867A-67F4-4661-8734-9FE74C9FC2C5}.Debug|Any CPU.Build.0 = Debug|Any CPU
		{7668867A-67F4-4661-8734-9FE74C9FC2C5}.Release|Any CPU.ActiveCfg = Release|Any CPU
		{7668867A-67F4-4661-8734-9FE74C9FC2C5}.Release|Any CPU.Build.0 = Release|Any CPU
	EndGlobalSection
	GlobalSection(SolutionProperties) = preSolution
		HideSolutionNode = FALSE
	EndGlobalSection
	GlobalSection(ExtensibilityGlobals) = postSolution
		SolutionGuid = {C88C6EF3-C131-4CDD-BA62-040150621B96}
	EndGlobalSection
EndGlobal
