
Microsoft Visual Studio Solution File, Format Version 12.00
# Visual Studio Version 17
VisualStudioVersion = 17.13.35931.197 d17.13
MinimumVisualStudioVersion = 10.0.40219.1
Project("{FAE04EC0-301F-11D3-BF4B-00C04F79EFBC}") = "Db_First_Prosedurlu", "Db_First_Prosedurlu\Db_First_Prosedurlu.csproj", "{01158234-27E1-470F-9C4C-2497BB9E65A6}"
EndProject
Global
	GlobalSection(SolutionConfigurationPlatforms) = preSolution
		Debug|Any CPU = Debug|Any CPU
		Release|Any CPU = Release|Any CPU
	EndGlobalSection
	GlobalSection(ProjectConfigurationPlatforms) = postSolution
		{01158234-27E1-470F-9C4C-2497BB9E65A6}.Debug|Any CPU.ActiveCfg = Debug|Any CPU
		{01158234-27E1-470F-9C4C-2497BB9E65A6}.Debug|Any CPU.Build.0 = Debug|Any CPU
		{01158234-27E1-470F-9C4C-2497BB9E65A6}.Release|Any CPU.ActiveCfg = Release|Any CPU
		{01158234-27E1-470F-9C4C-2497BB9E65A6}.Release|Any CPU.Build.0 = Release|Any CPU
	EndGlobalSection
	GlobalSection(SolutionProperties) = preSolution
		HideSolutionNode = FALSE
	EndGlobalSection
	GlobalSection(ExtensibilityGlobals) = postSolution
		SolutionGuid = {C9BDEF36-65DE-4FC5-9418-101D79D2F582}
	EndGlobalSection
EndGlobal
