
Microsoft Visual Studio Solution File, Format Version 12.00
# Visual Studio Version 17
VisualStudioVersion = 17.14.36121.58 d17.14
MinimumVisualStudioVersion = 10.0.40219.1
Project("{FAE04EC0-301F-11D3-BF4B-00C04F79EFBC}") = "mvc_dbfirst", "mvc_dbfirst\mvc_dbfirst.csproj", "{B4413068-29B8-436A-847E-55E70446CAFB}"
EndProject
Global
	GlobalSection(SolutionConfigurationPlatforms) = preSolution
		Debug|Any CPU = Debug|Any CPU
		Release|Any CPU = Release|Any CPU
	EndGlobalSection
	GlobalSection(ProjectConfigurationPlatforms) = postSolution
		{B4413068-29B8-436A-847E-55E70446CAFB}.Debug|Any CPU.ActiveCfg = Debug|Any CPU
		{B4413068-29B8-436A-847E-55E70446CAFB}.Debug|Any CPU.Build.0 = Debug|Any CPU
		{B4413068-29B8-436A-847E-55E70446CAFB}.Release|Any CPU.ActiveCfg = Release|Any CPU
		{B4413068-29B8-436A-847E-55E70446CAFB}.Release|Any CPU.Build.0 = Release|Any CPU
	EndGlobalSection
	GlobalSection(SolutionProperties) = preSolution
		HideSolutionNode = FALSE
	EndGlobalSection
	GlobalSection(ExtensibilityGlobals) = postSolution
		SolutionGuid = {1E700E93-89FA-432B-AC97-6FEBA130CDFF}
	EndGlobalSection
EndGlobal
