
Microsoft Visual Studio Solution File, Format Version 12.00
# Visual Studio Version 17
VisualStudioVersion = 17.14.36121.58 d17.14
MinimumVisualStudioVersion = 10.0.40219.1
Project("{FAE04EC0-301F-11D3-BF4B-00C04F79EFBC}") = "mvc_modelfirst", "mvc_modelfirst\mvc_modelfirst.csproj", "{07B8448E-C3D3-4DA0-9F91-827094FDAD7B}"
EndProject
Global
	GlobalSection(SolutionConfigurationPlatforms) = preSolution
		Debug|Any CPU = Debug|Any CPU
		Release|Any CPU = Release|Any CPU
	EndGlobalSection
	GlobalSection(ProjectConfigurationPlatforms) = postSolution
		{07B8448E-C3D3-4DA0-9F91-827094FDAD7B}.Debug|Any CPU.ActiveCfg = Debug|Any CPU
		{07B8448E-C3D3-4DA0-9F91-827094FDAD7B}.Debug|Any CPU.Build.0 = Debug|Any CPU
		{07B8448E-C3D3-4DA0-9F91-827094FDAD7B}.Release|Any CPU.ActiveCfg = Release|Any CPU
		{07B8448E-C3D3-4DA0-9F91-827094FDAD7B}.Release|Any CPU.Build.0 = Release|Any CPU
	EndGlobalSection
	GlobalSection(SolutionProperties) = preSolution
		HideSolutionNode = FALSE
	EndGlobalSection
	GlobalSection(ExtensibilityGlobals) = postSolution
		SolutionGuid = {44BEC86D-5391-46EC-8941-8FA079A75BF0}
	EndGlobalSection
EndGlobal
