
Microsoft Visual Studio Solution File, Format Version 12.00
# Visual Studio Version 17
VisualStudioVersion = 17.14.36121.58 d17.14
MinimumVisualStudioVersion = 10.0.40219.1
Project("{FAE04EC0-301F-11D3-BF4B-00C04F79EFBC}") = "Çalışma_1", "Çalışma_1\Çalışma_1.csproj", "{5E5126EF-0770-4C78-AFA3-395DC6252C78}"
EndProject
Global
	GlobalSection(SolutionConfigurationPlatforms) = preSolution
		Debug|Any CPU = Debug|Any CPU
		Release|Any CPU = Release|Any CPU
	EndGlobalSection
	GlobalSection(ProjectConfigurationPlatforms) = postSolution
		{5E5126EF-0770-4C78-AFA3-395DC6252C78}.Debug|Any CPU.ActiveCfg = Debug|Any CPU
		{5E5126EF-0770-4C78-AFA3-395DC6252C78}.Debug|Any CPU.Build.0 = Debug|Any CPU
		{5E5126EF-0770-4C78-AFA3-395DC6252C78}.Release|Any CPU.ActiveCfg = Release|Any CPU
		{5E5126EF-0770-4C78-AFA3-395DC6252C78}.Release|Any CPU.Build.0 = Release|Any CPU
	EndGlobalSection
	GlobalSection(SolutionProperties) = preSolution
		HideSolutionNode = FALSE
	EndGlobalSection
	GlobalSection(ExtensibilityGlobals) = postSolution
		SolutionGuid = {CE4DC695-CE87-4B2B-AA79-6E087B29B3AC}
	EndGlobalSection
EndGlobal
