
Microsoft Visual Studio Solution File, Format Version 12.00
# Visual Studio Version 17
VisualStudioVersion = 17.12.35527.113 d17.12
MinimumVisualStudioVersion = 10.0.40219.1
Project("{FAE04EC0-301F-11D3-BF4B-00C04F79EFBC}") = "hesaplamalar", "hesaplamalar\hesaplamalar.csproj", "{EB80D7CD-D3E0-4E5A-9527-CA6EC0210149}"
EndProject
Project("{FAE04EC0-301F-11D3-BF4B-00C04F79EFBC}") = "hesaplama2", "hesaplama2\hesaplama2.csproj", "{F242A089-1A63-4C87-A304-E54172998EC3}"
EndProject
Project("{FAE04EC0-301F-11D3-BF4B-00C04F79EFBC}") = "hesaplama3", "hesaplama3\hesaplama3.csproj", "{D745B0BB-292F-4A14-ADD0-C6C87FD1982F}"
EndProject
Project("{FAE04EC0-301F-11D3-BF4B-00C04F79EFBC}") = "hesaplama4", "hesaplama4\hesaplama4.csproj", "{91C8F098-7ECC-44F7-BCD0-F4D86B7902CD}"
EndProject
Global
	GlobalSection(SolutionConfigurationPlatforms) = preSolution
		Debug|Any CPU = Debug|Any CPU
		Release|Any CPU = Release|Any CPU
	EndGlobalSection
	GlobalSection(ProjectConfigurationPlatforms) = postSolution
		{EB80D7CD-D3E0-4E5A-9527-CA6EC0210149}.Debug|Any CPU.ActiveCfg = Debug|Any CPU
		{EB80D7CD-D3E0-4E5A-9527-CA6EC0210149}.Debug|Any CPU.Build.0 = Debug|Any CPU
		{EB80D7CD-D3E0-4E5A-9527-CA6EC0210149}.Release|Any CPU.ActiveCfg = Release|Any CPU
		{EB80D7CD-D3E0-4E5A-9527-CA6EC0210149}.Release|Any CPU.Build.0 = Release|Any CPU
		{F242A089-1A63-4C87-A304-E54172998EC3}.Debug|Any CPU.ActiveCfg = Debug|Any CPU
		{F242A089-1A63-4C87-A304-E54172998EC3}.Debug|Any CPU.Build.0 = Debug|Any CPU
		{F242A089-1A63-4C87-A304-E54172998EC3}.Release|Any CPU.ActiveCfg = Release|Any CPU
		{F242A089-1A63-4C87-A304-E54172998EC3}.Release|Any CPU.Build.0 = Release|Any CPU
		{D745B0BB-292F-4A14-ADD0-C6C87FD1982F}.Debug|Any CPU.ActiveCfg = Debug|Any CPU
		{D745B0BB-292F-4A14-ADD0-C6C87FD1982F}.Debug|Any CPU.Build.0 = Debug|Any CPU
		{D745B0BB-292F-4A14-ADD0-C6C87FD1982F}.Release|Any CPU.ActiveCfg = Release|Any CPU
		{D745B0BB-292F-4A14-ADD0-C6C87FD1982F}.Release|Any CPU.Build.0 = Release|Any CPU
		{91C8F098-7ECC-44F7-BCD0-F4D86B7902CD}.Debug|Any CPU.ActiveCfg = Debug|Any CPU
		{91C8F098-7ECC-44F7-BCD0-F4D86B7902CD}.Debug|Any CPU.Build.0 = Debug|Any CPU
		{91C8F098-7ECC-44F7-BCD0-F4D86B7902CD}.Release|Any CPU.ActiveCfg = Release|Any CPU
		{91C8F098-7ECC-44F7-BCD0-F4D86B7902CD}.Release|Any CPU.Build.0 = Release|Any CPU
	EndGlobalSection
	GlobalSection(SolutionProperties) = preSolution
		HideSolutionNode = FALSE
	EndGlobalSection
EndGlobal
