
Microsoft Visual Studio Solution File, Format Version 12.00
# Visual Studio Version 17
VisualStudioVersion = 17.12.35527.113 d17.12
MinimumVisualStudioVersion = 10.0.40219.1
Project("{FAE04EC0-301F-11D3-BF4B-00C04F79EFBC}") = "Form_uygulama", "Form_uygulama\Form_uygulama.csproj", "{79B413D4-CE69-405E-A061-CB47634BC190}"
EndProject
Project("{FAE04EC0-301F-11D3-BF4B-00C04F79EFBC}") = "form_uygulama_2", "form_uygulama_2\form_uygulama_2.csproj", "{2D584FDE-537E-42CC-94A5-5A47F7013152}"
EndProject
Global
	GlobalSection(SolutionConfigurationPlatforms) = preSolution
		Debug|Any CPU = Debug|Any CPU
		Release|Any CPU = Release|Any CPU
	EndGlobalSection
	GlobalSection(ProjectConfigurationPlatforms) = postSolution
		{79B413D4-CE69-405E-A061-CB47634BC190}.Debug|Any CPU.ActiveCfg = Debug|Any CPU
		{79B413D4-CE69-405E-A061-CB47634BC190}.Debug|Any CPU.Build.0 = Debug|Any CPU
		{79B413D4-CE69-405E-A061-CB47634BC190}.Release|Any CPU.ActiveCfg = Release|Any CPU
		{79B413D4-CE69-405E-A061-CB47634BC190}.Release|Any CPU.Build.0 = Release|Any CPU
		{2D584FDE-537E-42CC-94A5-5A47F7013152}.Debug|Any CPU.ActiveCfg = Debug|Any CPU
		{2D584FDE-537E-42CC-94A5-5A47F7013152}.Debug|Any CPU.Build.0 = Debug|Any CPU
		{2D584FDE-537E-42CC-94A5-5A47F7013152}.Release|Any CPU.ActiveCfg = Release|Any CPU
		{2D584FDE-537E-42CC-94A5-5A47F7013152}.Release|Any CPU.Build.0 = Release|Any CPU
	EndGlobalSection
	GlobalSection(SolutionProperties) = preSolution
		HideSolutionNode = FALSE
	EndGlobalSection
EndGlobal
