
Microsoft Visual Studio Solution File, Format Version 12.00
# Visual Studio Version 17
VisualStudioVersion = 17.14.36203.30 d17.14
MinimumVisualStudioVersion = 10.0.40219.1
Project("{FAE04EC0-301F-11D3-BF4B-00C04F79EFBC}") = "katmanli_core_uygulama", "katmanli_core_uygulama\katmanli_core_uygulama.csproj", "{717C5168-AA78-4B66-A14F-1080A27AB195}"
EndProject
Project("{FAE04EC0-301F-11D3-BF4B-00C04F79EFBC}") = "Data", "Data\Data.csproj", "{7AEC3E3F-22AD-45DC-A45D-AD6A5FA98AC0}"
EndProject
Project("{FAE04EC0-301F-11D3-BF4B-00C04F79EFBC}") = "Model", "Model\Model.csproj", "{1891747F-2B07-4308-831C-8BC83F291A81}"
EndProject
Global
	GlobalSection(SolutionConfigurationPlatforms) = preSolution
		Debug|Any CPU = Debug|Any CPU
		Release|Any CPU = Release|Any CPU
	EndGlobalSection
	GlobalSection(ProjectConfigurationPlatforms) = postSolution
		{717C5168-AA78-4B66-A14F-1080A27AB195}.Debug|Any CPU.ActiveCfg = Debug|Any CPU
		{717C5168-AA78-4B66-A14F-1080A27AB195}.Debug|Any CPU.Build.0 = Debug|Any CPU
		{717C5168-AA78-4B66-A14F-1080A27AB195}.Release|Any CPU.ActiveCfg = Release|Any CPU
		{717C5168-AA78-4B66-A14F-1080A27AB195}.Release|Any CPU.Build.0 = Release|Any CPU
		{7AEC3E3F-22AD-45DC-A45D-AD6A5FA98AC0}.Debug|Any CPU.ActiveCfg = Debug|Any CPU
		{7AEC3E3F-22AD-45DC-A45D-AD6A5FA98AC0}.Debug|Any CPU.Build.0 = Debug|Any CPU
		{7AEC3E3F-22AD-45DC-A45D-AD6A5FA98AC0}.Release|Any CPU.ActiveCfg = Release|Any CPU
		{7AEC3E3F-22AD-45DC-A45D-AD6A5FA98AC0}.Release|Any CPU.Build.0 = Release|Any CPU
		{1891747F-2B07-4308-831C-8BC83F291A81}.Debug|Any CPU.ActiveCfg = Debug|Any CPU
		{1891747F-2B07-4308-831C-8BC83F291A81}.Debug|Any CPU.Build.0 = Debug|Any CPU
		{1891747F-2B07-4308-831C-8BC83F291A81}.Release|Any CPU.ActiveCfg = Release|Any CPU
		{1891747F-2B07-4308-831C-8BC83F291A81}.Release|Any CPU.Build.0 = Release|Any CPU
	EndGlobalSection
	GlobalSection(SolutionProperties) = preSolution
		HideSolutionNode = FALSE
	EndGlobalSection
	GlobalSection(ExtensibilityGlobals) = postSolution
		SolutionGuid = {5E368124-2597-4C7E-9A6F-CBD188EF1CAA}
	EndGlobalSection
EndGlobal
